
Microsoft Visual Studio Solution File, Format Version 12.00
# Visual Studio Version 17
VisualStudioVersion = 17.4.33213.308
MinimumVisualStudioVersion = 10.0.40219.1
Project("{FAE04EC0-301F-11D3-BF4B-00C04F79EFBC}") = "LunarLander", "LunarLander\LunarLander.csproj", "{20ACEF62-5ABB-4E7F-B087-1724846CA4AD}"
EndProject
Project("{FAE04EC0-301F-11D3-BF4B-00C04F79EFBC}") = "MyLibrary", "MyLibrary\MyLibrary.csproj", "{1CABBA0E-8E03-4522-BCD6-E6F2380C8C17}"
EndProject
Global
	GlobalSection(SolutionConfigurationPlatforms) = preSolution
		Debug|Any CPU = Debug|Any CPU
		Release|Any CPU = Release|Any CPU
	EndGlobalSection
	GlobalSection(ProjectConfigurationPlatforms) = postSolution
		{20ACEF62-5ABB-4E7F-B087-1724846CA4AD}.Debug|Any CPU.ActiveCfg = Debug|Any CPU
		{20ACEF62-5ABB-4E7F-B087-1724846CA4AD}.Debug|Any CPU.Build.0 = Debug|Any CPU
		{20ACEF62-5ABB-4E7F-B087-1724846CA4AD}.Release|Any CPU.ActiveCfg = Release|Any CPU
		{20ACEF62-5ABB-4E7F-B087-1724846CA4AD}.Release|Any CPU.Build.0 = Release|Any CPU
		{1CABBA0E-8E03-4522-BCD6-E6F2380C8C17}.Debug|Any CPU.ActiveCfg = Debug|Any CPU
		{1CABBA0E-8E03-4522-BCD6-E6F2380C8C17}.Debug|Any CPU.Build.0 = Debug|Any CPU
		{1CABBA0E-8E03-4522-BCD6-E6F2380C8C17}.Release|Any CPU.ActiveCfg = Release|Any CPU
		{1CABBA0E-8E03-4522-BCD6-E6F2380C8C17}.Release|Any CPU.Build.0 = Release|Any CPU
	EndGlobalSection
	GlobalSection(SolutionProperties) = preSolution
		HideSolutionNode = FALSE
	EndGlobalSection
	GlobalSection(ExtensibilityGlobals) = postSolution
		SolutionGuid = {5B1EB94B-F15F-440A-B254-7EE61AFA4AF1}
	EndGlobalSection
EndGlobal
